
Microsoft Visual Studio Solution File, Format Version 12.00
#
Project("{FAE04EC0-301F-11D3-BF4B-00C04F79EFBC}") = "Thomas.Delcroix.ObjectDetection", "Thomas.Delcroix.ObjectDetection\Thomas.Delcroix.ObjectDetection.csproj", "{3CD2F1ED-E5A8-4FCE-9B78-FD599F3BC1E9}"
EndProject
Project("{FAE04EC0-301F-11D3-BF4B-00C04F79EFBC}") = "Thomas.Delcroix.ObjectDetection.Tests", "tests\Thomas.Delcroix.ObjectDetection.Tests\Thomas.Delcroix.ObjectDetection.Tests.csproj", "{0FA4827A-77F3-4F1D-88EC-C508988379B3}"
EndProject
Global
	GlobalSection(SolutionConfigurationPlatforms) = preSolution
		Debug|Any CPU = Debug|Any CPU
		Release|Any CPU = Release|Any CPU
	EndGlobalSection
	GlobalSection(ProjectConfigurationPlatforms) = postSolution
		{3CD2F1ED-E5A8-4FCE-9B78-FD599F3BC1E9}.Debug|Any CPU.ActiveCfg = Debug|Any CPU
		{3CD2F1ED-E5A8-4FCE-9B78-FD599F3BC1E9}.Debug|Any CPU.Build.0 = Debug|Any CPU
		{3CD2F1ED-E5A8-4FCE-9B78-FD599F3BC1E9}.Release|Any CPU.ActiveCfg = Release|Any CPU
		{3CD2F1ED-E5A8-4FCE-9B78-FD599F3BC1E9}.Release|Any CPU.Build.0 = Release|Any CPU
		{0FA4827A-77F3-4F1D-88EC-C508988379B3}.Debug|Any CPU.ActiveCfg = Debug|Any CPU
		{0FA4827A-77F3-4F1D-88EC-C508988379B3}.Debug|Any CPU.Build.0 = Debug|Any CPU
		{0FA4827A-77F3-4F1D-88EC-C508988379B3}.Release|Any CPU.ActiveCfg = Release|Any CPU
		{0FA4827A-77F3-4F1D-88EC-C508988379B3}.Release|Any CPU.Build.0 = Release|Any CPU
	EndGlobalSection
	GlobalSection(NestedProjects) = preSolution
	EndGlobalSection
EndGlobal
